
Microsoft Visual Studio Solution File, Format Version 12.00
# Visual Studio 14
VisualStudioVersion = 14.0.25420.1
MinimumVisualStudioVersion = 10.0.40219.1
Project("{FAE04EC0-301F-11D3-BF4B-00C04F79EFBC}") = "Logarazzi", "Logarazzi\Logarazzi.csproj", "{9206578B-8F74-431D-BDA4-74241E9561BF}"
EndProject
Project("{FAE04EC0-301F-11D3-BF4B-00C04F79EFBC}") = "Logarazzi.VSTests", "Logarazzi.VSTests\Logarazzi.VSTests.csproj", "{EFC5367D-7E21-4ED4-A11B-681027E11662}"
EndProject
Global
	GlobalSection(SolutionConfigurationPlatforms) = preSolution
		Debug|Any CPU = Debug|Any CPU
		Release|Any CPU = Release|Any CPU
	EndGlobalSection
	GlobalSection(ProjectConfigurationPlatforms) = postSolution
		{9206578B-8F74-431D-BDA4-74241E9561BF}.Debug|Any CPU.ActiveCfg = Debug|Any CPU
		{9206578B-8F74-431D-BDA4-74241E9561BF}.Debug|Any CPU.Build.0 = Debug|Any CPU
		{9206578B-8F74-431D-BDA4-74241E9561BF}.Release|Any CPU.ActiveCfg = Release|Any CPU
		{9206578B-8F74-431D-BDA4-74241E9561BF}.Release|Any CPU.Build.0 = Release|Any CPU
		{EFC5367D-7E21-4ED4-A11B-681027E11662}.Debug|Any CPU.ActiveCfg = Debug|Any CPU
		{EFC5367D-7E21-4ED4-A11B-681027E11662}.Debug|Any CPU.Build.0 = Debug|Any CPU
		{EFC5367D-7E21-4ED4-A11B-681027E11662}.Release|Any CPU.ActiveCfg = Release|Any CPU
		{EFC5367D-7E21-4ED4-A11B-681027E11662}.Release|Any CPU.Build.0 = Release|Any CPU
	EndGlobalSection
	GlobalSection(SolutionProperties) = preSolution
		HideSolutionNode = FALSE
	EndGlobalSection
EndGlobal
